
Microsoft Visual Studio Solution File, Format Version 12.00
# Visual Studio Version 17
VisualStudioVersion = 17.2.32616.157
MinimumVisualStudioVersion = 10.0.40219.1
Project("{9A19103F-16F7-4668-BE54-9A1E7A4F7556}") = "ProductAPI", "ProductAPI\ProductAPI.csproj", "{873C7D14-47BE-4C2E-B6D3-BDE5FB149BC0}"
EndProject
Project("{FAE04EC0-301F-11D3-BF4B-00C04F79EFBC}") = "OrderAPI", "OrderAPI\OrderAPI.csproj", "{BD91ACE3-E428-4678-A128-5AAFD8D180BB}"
EndProject
Global
	GlobalSection(SolutionConfigurationPlatforms) = preSolution
		Debug|Any CPU = Debug|Any CPU
		Release|Any CPU = Release|Any CPU
	EndGlobalSection
	GlobalSection(ProjectConfigurationPlatforms) = postSolution
		{873C7D14-47BE-4C2E-B6D3-BDE5FB149BC0}.Debug|Any CPU.ActiveCfg = Debug|Any CPU
		{873C7D14-47BE-4C2E-B6D3-BDE5FB149BC0}.Debug|Any CPU.Build.0 = Debug|Any CPU
		{873C7D14-47BE-4C2E-B6D3-BDE5FB149BC0}.Release|Any CPU.ActiveCfg = Release|Any CPU
		{873C7D14-47BE-4C2E-B6D3-BDE5FB149BC0}.Release|Any CPU.Build.0 = Release|Any CPU
		{BD91ACE3-E428-4678-A128-5AAFD8D180BB}.Debug|Any CPU.ActiveCfg = Debug|Any CPU
		{BD91ACE3-E428-4678-A128-5AAFD8D180BB}.Debug|Any CPU.Build.0 = Debug|Any CPU
		{BD91ACE3-E428-4678-A128-5AAFD8D180BB}.Release|Any CPU.ActiveCfg = Release|Any CPU
		{BD91ACE3-E428-4678-A128-5AAFD8D180BB}.Release|Any CPU.Build.0 = Release|Any CPU
	EndGlobalSection
	GlobalSection(SolutionProperties) = preSolution
		HideSolutionNode = FALSE
	EndGlobalSection
	GlobalSection(ExtensibilityGlobals) = postSolution
		SolutionGuid = {5A010AD8-8C49-42F6-9E5A-DFDE5D432026}
	EndGlobalSection
EndGlobal
